
Microsoft Visual Studio Solution File, Format Version 12.00
# Visual Studio 15
Project("{FAE04EC0-301F-11D3-BF4B-00C04F79EFBC}") = "Assembly-CSharp", "Assembly-CSharp.csproj", "{C01E6EBD-CD8A-FF5B-C6F6-226A3BD623F1}"
EndProject
Project("{FAE04EC0-301F-11D3-BF4B-00C04F79EFBC}") = "Assembly-CSharp-Editor", "Assembly-CSharp-Editor.csproj", "{5A46896F-A991-D763-1FAB-D108370E2E2D}"
EndProject
Global
	GlobalSection(SolutionConfigurationPlatforms) = preSolution
		Debug|Any CPU = Debug|Any CPU
		Release|Any CPU = Release|Any CPU
	EndGlobalSection
	GlobalSection(ProjectConfigurationPlatforms) = postSolution
		{C01E6EBD-CD8A-FF5B-C6F6-226A3BD623F1}.Debug|Any CPU.ActiveCfg = Debug|Any CPU
		{C01E6EBD-CD8A-FF5B-C6F6-226A3BD623F1}.Debug|Any CPU.Build.0 = Debug|Any CPU
		{C01E6EBD-CD8A-FF5B-C6F6-226A3BD623F1}.Release|Any CPU.ActiveCfg = Release|Any CPU
		{C01E6EBD-CD8A-FF5B-C6F6-226A3BD623F1}.Release|Any CPU.Build.0 = Release|Any CPU
		{5A46896F-A991-D763-1FAB-D108370E2E2D}.Debug|Any CPU.ActiveCfg = Debug|Any CPU
		{5A46896F-A991-D763-1FAB-D108370E2E2D}.Debug|Any CPU.Build.0 = Debug|Any CPU
		{5A46896F-A991-D763-1FAB-D108370E2E2D}.Release|Any CPU.ActiveCfg = Release|Any CPU
		{5A46896F-A991-D763-1FAB-D108370E2E2D}.Release|Any CPU.Build.0 = Release|Any CPU
	EndGlobalSection
	GlobalSection(SolutionProperties) = preSolution
		HideSolutionNode = FALSE
	EndGlobalSection
EndGlobal
